
Microsoft Visual Studio Solution File, Format Version 12.00
# Visual Studio Version 16
VisualStudioVersion = 16.0.29318.209
MinimumVisualStudioVersion = 10.0.40219.1
Project("{9A19103F-16F7-4668-BE54-9A1E7A4F7556}") = "Authentication", "authentication\Authentication.csproj", "{F7E55CC0-F344-4479-B224-B8CFF96BF972}"
EndProject
Project("{9A19103F-16F7-4668-BE54-9A1E7A4F7556}") = "logic", "_logic\logic.csproj", "{AA3A9DB8-6BD0-47A7-8E53-D53BA6BDA79A}"
EndProject
Project("{2150E333-8FDC-42A3-9474-1A3956D46DE8}") = "Solution Items", "Solution Items", "{F6892107-FDA4-4644-AC18-B9D34FD2B8F5}"
	ProjectSection(SolutionItems) = preProject
		.gitattributes = .gitattributes
		.gitignore = .gitignore
		LICENSE = LICENSE
		README.md = README.md
	EndProjectSection
EndProject
Project("{9A19103F-16F7-4668-BE54-9A1E7A4F7556}") = "GetAvailableWorkplaces", "getavailableworkplaces\GetAvailableWorkplaces.csproj", "{FC426FFA-EF30-4255-91FF-DD9514C6456B}"
EndProject
Project("{9A19103F-16F7-4668-BE54-9A1E7A4F7556}") = "model", "_model\model.csproj", "{B4DDDAF6-4F7E-496E-B12A-709C2183B6CE}"
EndProject
Project("{9A19103F-16F7-4668-BE54-9A1E7A4F7556}") = "GetOperatingStateOfWorkplace", "getoperatingstateofworkplace\GetOperatingStateOfWorkplace.csproj", "{22FCC163-0C81-4BB8-A4F1-EFDF75AF8F04}"
EndProject
Project("{9A19103F-16F7-4668-BE54-9A1E7A4F7556}") = "GetOperatingStates", "getoperatingstates\GetOperatingStates.csproj", "{AC1490B2-31AE-4AAC-8DD0-2F048D594A91}"
EndProject
Project("{9A19103F-16F7-4668-BE54-9A1E7A4F7556}") = "AlertingOnWorkplaceOperationStateChangeCyclic", "AlertingOnWorkplaceOperationStateChangeCyclic\AlertingOnWorkplaceOperationStateChangeCyclic.csproj", "{61BEF072-0E04-4C8E-95AF-B5DE5781F04E}"
EndProject
Project("{9A19103F-16F7-4668-BE54-9A1E7A4F7556}") = "AlertingOnWorkplaceOperationStateChangeCallback", "AlertingOnWorkplaceOperationStateChangeCallback\AlertingOnWorkplaceOperationStateChangeCallback.csproj", "{B038336A-43A8-4753-A1B7-81598F56CCF2}"
EndProject
Global
	GlobalSection(SolutionConfigurationPlatforms) = preSolution
		Debug|Any CPU = Debug|Any CPU
		Release|Any CPU = Release|Any CPU
	EndGlobalSection
	GlobalSection(ProjectConfigurationPlatforms) = postSolution
		{F7E55CC0-F344-4479-B224-B8CFF96BF972}.Debug|Any CPU.ActiveCfg = Debug|Any CPU
		{F7E55CC0-F344-4479-B224-B8CFF96BF972}.Debug|Any CPU.Build.0 = Debug|Any CPU
		{F7E55CC0-F344-4479-B224-B8CFF96BF972}.Release|Any CPU.ActiveCfg = Release|Any CPU
		{F7E55CC0-F344-4479-B224-B8CFF96BF972}.Release|Any CPU.Build.0 = Release|Any CPU
		{AA3A9DB8-6BD0-47A7-8E53-D53BA6BDA79A}.Debug|Any CPU.ActiveCfg = Debug|Any CPU
		{AA3A9DB8-6BD0-47A7-8E53-D53BA6BDA79A}.Debug|Any CPU.Build.0 = Debug|Any CPU
		{AA3A9DB8-6BD0-47A7-8E53-D53BA6BDA79A}.Release|Any CPU.ActiveCfg = Release|Any CPU
		{AA3A9DB8-6BD0-47A7-8E53-D53BA6BDA79A}.Release|Any CPU.Build.0 = Release|Any CPU
		{FC426FFA-EF30-4255-91FF-DD9514C6456B}.Debug|Any CPU.ActiveCfg = Debug|Any CPU
		{FC426FFA-EF30-4255-91FF-DD9514C6456B}.Debug|Any CPU.Build.0 = Debug|Any CPU
		{FC426FFA-EF30-4255-91FF-DD9514C6456B}.Release|Any CPU.ActiveCfg = Release|Any CPU
		{FC426FFA-EF30-4255-91FF-DD9514C6456B}.Release|Any CPU.Build.0 = Release|Any CPU
		{B4DDDAF6-4F7E-496E-B12A-709C2183B6CE}.Debug|Any CPU.ActiveCfg = Debug|Any CPU
		{B4DDDAF6-4F7E-496E-B12A-709C2183B6CE}.Debug|Any CPU.Build.0 = Debug|Any CPU
		{B4DDDAF6-4F7E-496E-B12A-709C2183B6CE}.Release|Any CPU.ActiveCfg = Release|Any CPU
		{B4DDDAF6-4F7E-496E-B12A-709C2183B6CE}.Release|Any CPU.Build.0 = Release|Any CPU
		{22FCC163-0C81-4BB8-A4F1-EFDF75AF8F04}.Debug|Any CPU.ActiveCfg = Debug|Any CPU
		{22FCC163-0C81-4BB8-A4F1-EFDF75AF8F04}.Debug|Any CPU.Build.0 = Debug|Any CPU
		{22FCC163-0C81-4BB8-A4F1-EFDF75AF8F04}.Release|Any CPU.ActiveCfg = Release|Any CPU
		{22FCC163-0C81-4BB8-A4F1-EFDF75AF8F04}.Release|Any CPU.Build.0 = Release|Any CPU
		{AC1490B2-31AE-4AAC-8DD0-2F048D594A91}.Debug|Any CPU.ActiveCfg = Debug|Any CPU
		{AC1490B2-31AE-4AAC-8DD0-2F048D594A91}.Debug|Any CPU.Build.0 = Debug|Any CPU
		{AC1490B2-31AE-4AAC-8DD0-2F048D594A91}.Release|Any CPU.ActiveCfg = Release|Any CPU
		{AC1490B2-31AE-4AAC-8DD0-2F048D594A91}.Release|Any CPU.Build.0 = Release|Any CPU
		{61BEF072-0E04-4C8E-95AF-B5DE5781F04E}.Debug|Any CPU.ActiveCfg = Debug|Any CPU
		{61BEF072-0E04-4C8E-95AF-B5DE5781F04E}.Debug|Any CPU.Build.0 = Debug|Any CPU
		{61BEF072-0E04-4C8E-95AF-B5DE5781F04E}.Release|Any CPU.ActiveCfg = Release|Any CPU
		{61BEF072-0E04-4C8E-95AF-B5DE5781F04E}.Release|Any CPU.Build.0 = Release|Any CPU
		{B038336A-43A8-4753-A1B7-81598F56CCF2}.Debug|Any CPU.ActiveCfg = Debug|Any CPU
		{B038336A-43A8-4753-A1B7-81598F56CCF2}.Debug|Any CPU.Build.0 = Debug|Any CPU
		{B038336A-43A8-4753-A1B7-81598F56CCF2}.Release|Any CPU.ActiveCfg = Release|Any CPU
		{B038336A-43A8-4753-A1B7-81598F56CCF2}.Release|Any CPU.Build.0 = Release|Any CPU
	EndGlobalSection
	GlobalSection(SolutionProperties) = preSolution
		HideSolutionNode = FALSE
	EndGlobalSection
	GlobalSection(ExtensibilityGlobals) = postSolution
		SolutionGuid = {D74E5734-8D37-451C-95F2-5208FF9B7D53}
	EndGlobalSection
EndGlobal
